
Microsoft Visual Studio Solution File, Format Version 12.00
# Visual Studio 2013
VisualStudioVersion = 12.0.31101.0
MinimumVisualStudioVersion = 10.0.40219.1
Project("{FAE04EC0-301F-11D3-BF4B-00C04F79EFBC}") = "SoftUni Test ground", "SoftUni Test ground.csproj", "{9E963911-7655-4E2F-B7BD-68F0AE07764B}"
EndProject
Global
	GlobalSection(SolutionConfigurationPlatforms) = preSolution
		Debug|Any CPU = Debug|Any CPU
		Release|Any CPU = Release|Any CPU
	EndGlobalSection
	GlobalSection(ProjectConfigurationPlatforms) = postSolution
		{9E963911-7655-4E2F-B7BD-68F0AE07764B}.Debug|Any CPU.ActiveCfg = Debug|Any CPU
		{9E963911-7655-4E2F-B7BD-68F0AE07764B}.Debug|Any CPU.Build.0 = Debug|Any CPU
		{9E963911-7655-4E2F-B7BD-68F0AE07764B}.Release|Any CPU.ActiveCfg = Release|Any CPU
		{9E963911-7655-4E2F-B7BD-68F0AE07764B}.Release|Any CPU.Build.0 = Release|Any CPU
	EndGlobalSection
	GlobalSection(SolutionProperties) = preSolution
		HideSolutionNode = FALSE
	EndGlobalSection
EndGlobal
